
Microsoft Visual Studio Solution File, Format Version 12.00
# Visual Studio 15
VisualStudioVersion = 15.0.28307.271
MinimumVisualStudioVersion = 10.0.40219.1
Project("{FAE04EC0-301F-11D3-BF4B-00C04F79EFBC}") = "meme-generator", "meme-generator\meme-generator.csproj", "{516AE2EA-08D2-4193-9033-81573B58542D}"
EndProject
Project("{FAE04EC0-301F-11D3-BF4B-00C04F79EFBC}") = "meme-generatorTests", "meme-generatorTests\meme-generatorTests.csproj", "{BD6241D9-9346-4E84-AB93-641E197A43B6}"
EndProject
Global
	GlobalSection(SolutionConfigurationPlatforms) = preSolution
		Debug|Any CPU = Debug|Any CPU
		Release|Any CPU = Release|Any CPU
	EndGlobalSection
	GlobalSection(ProjectConfigurationPlatforms) = postSolution
		{516AE2EA-08D2-4193-9033-81573B58542D}.Debug|Any CPU.ActiveCfg = Debug|Any CPU
		{516AE2EA-08D2-4193-9033-81573B58542D}.Debug|Any CPU.Build.0 = Debug|Any CPU
		{516AE2EA-08D2-4193-9033-81573B58542D}.Release|Any CPU.ActiveCfg = Release|Any CPU
		{516AE2EA-08D2-4193-9033-81573B58542D}.Release|Any CPU.Build.0 = Release|Any CPU
		{BD6241D9-9346-4E84-AB93-641E197A43B6}.Debug|Any CPU.ActiveCfg = Debug|Any CPU
		{BD6241D9-9346-4E84-AB93-641E197A43B6}.Debug|Any CPU.Build.0 = Debug|Any CPU
		{BD6241D9-9346-4E84-AB93-641E197A43B6}.Release|Any CPU.ActiveCfg = Release|Any CPU
		{BD6241D9-9346-4E84-AB93-641E197A43B6}.Release|Any CPU.Build.0 = Release|Any CPU
	EndGlobalSection
	GlobalSection(SolutionProperties) = preSolution
		HideSolutionNode = FALSE
	EndGlobalSection
	GlobalSection(ExtensibilityGlobals) = postSolution
		SolutionGuid = {80D444A2-9D83-4C58-BA54-F713309F9235}
	EndGlobalSection
EndGlobal
